
Microsoft Visual Studio Solution File, Format Version 12.00
# Visual Studio Version 17
VisualStudioVersion = 17.5.33516.290
MinimumVisualStudioVersion = 10.0.40219.1
Project("{FAE04EC0-301F-11D3-BF4B-00C04F79EFBC}") = "S2_Challenge_2", "S2_Challenge_2\S2_Challenge_2.csproj", "{804ED99A-3948-426E-9EE0-FE00A8341695}"
EndProject
Global
	GlobalSection(SolutionConfigurationPlatforms) = preSolution
		Debug|Any CPU = Debug|Any CPU
		Release|Any CPU = Release|Any CPU
	EndGlobalSection
	GlobalSection(ProjectConfigurationPlatforms) = postSolution
		{804ED99A-3948-426E-9EE0-FE00A8341695}.Debug|Any CPU.ActiveCfg = Debug|Any CPU
		{804ED99A-3948-426E-9EE0-FE00A8341695}.Debug|Any CPU.Build.0 = Debug|Any CPU
		{804ED99A-3948-426E-9EE0-FE00A8341695}.Release|Any CPU.ActiveCfg = Release|Any CPU
		{804ED99A-3948-426E-9EE0-FE00A8341695}.Release|Any CPU.Build.0 = Release|Any CPU
	EndGlobalSection
	GlobalSection(SolutionProperties) = preSolution
		HideSolutionNode = FALSE
	EndGlobalSection
	GlobalSection(ExtensibilityGlobals) = postSolution
		SolutionGuid = {852B4D3B-0326-4FA6-A02E-6E94474ED008}
	EndGlobalSection
EndGlobal
