
Microsoft Visual Studio Solution File, Format Version 12.00
# Visual Studio Version 17
VisualStudioVersion = 17.5.33530.505
MinimumVisualStudioVersion = 10.0.40219.1
Project("{FAE04EC0-301F-11D3-BF4B-00C04F79EFBC}") = "Section7", "Section7\Section7.csproj", "{5A82536C-B362-4E21-BE52-9EDDF4FB857A}"
EndProject
Global
	GlobalSection(SolutionConfigurationPlatforms) = preSolution
		Debug|Any CPU = Debug|Any CPU
		Release|Any CPU = Release|Any CPU
	EndGlobalSection
	GlobalSection(ProjectConfigurationPlatforms) = postSolution
		{5A82536C-B362-4E21-BE52-9EDDF4FB857A}.Debug|Any CPU.ActiveCfg = Debug|Any CPU
		{5A82536C-B362-4E21-BE52-9EDDF4FB857A}.Debug|Any CPU.Build.0 = Debug|Any CPU
		{5A82536C-B362-4E21-BE52-9EDDF4FB857A}.Release|Any CPU.ActiveCfg = Release|Any CPU
		{5A82536C-B362-4E21-BE52-9EDDF4FB857A}.Release|Any CPU.Build.0 = Release|Any CPU
	EndGlobalSection
	GlobalSection(SolutionProperties) = preSolution
		HideSolutionNode = FALSE
	EndGlobalSection
	GlobalSection(ExtensibilityGlobals) = postSolution
		SolutionGuid = {E469BF51-4A9B-4AC9-B35D-D036521FF586}
	EndGlobalSection
EndGlobal
